
Microsoft Visual Studio Solution File, Format Version 12.00
# Visual Studio Version 17
VisualStudioVersion = 17.0.31903.59
MinimumVisualStudioVersion = 10.0.40219.1
Project("{FAE04EC0-301F-11D3-BF4B-00C04F79EFBC}") = "HomeForPets.Web", "src\HomeForPets.Web\HomeForPets.Web.csproj", "{911BA4A3-0C7F-4289-8EA8-88C0C18A2219}"
EndProject
Project("{FAE04EC0-301F-11D3-BF4B-00C04F79EFBC}") = "HomeForPets.Application", "src\HomeForPets.Application\HomeForPets.Application.csproj", "{326F7B2B-E7CF-43C6-B5BB-CC96B33C67B3}"
EndProject
Project("{FAE04EC0-301F-11D3-BF4B-00C04F79EFBC}") = "HomeForPets.Infrastructure", "src\HomeForPets.Infrastructure\HomeForPets.Infrastructure.csproj", "{A27B75D7-7196-4EC1-854F-F143331618B9}"
EndProject
Project("{FAE04EC0-301F-11D3-BF4B-00C04F79EFBC}") = "HomeForPets.Domain", "src\HomeForPets.Domain\HomeForPets.Domain.csproj", "{9E606365-B083-44C4-9F61-44A50D9CA69D}"
EndProject
Project("{2150E333-8FDC-42A3-9474-1A3956D46DE8}") = "Solution Items", "Solution Items", "{D0020B84-FB77-4ECD-A55D-343491435B55}"
	ProjectSection(SolutionItems) = preProject
		docker-compose.yml = docker-compose.yml
	EndProjectSection
EndProject
Project("{2150E333-8FDC-42A3-9474-1A3956D46DE8}") = "src", "src", "{64F6686C-8B15-448B-8663-0FA8D81D199D}"
EndProject
Project("{2150E333-8FDC-42A3-9474-1A3956D46DE8}") = "tests", "tests", "{10C393BD-B371-481F-BCDB-6B94186A9743}"
EndProject
Project("{FAE04EC0-301F-11D3-BF4B-00C04F79EFBC}") = "HomeForPets.Domain.UnitTests", "test\HomeForPets.Domain.UnitTests\HomeForPets.Domain.UnitTests.csproj", "{3C8AF0B0-91CB-4E82-BC64-5B8CF31DFCF8}"
EndProject
Project("{FAE04EC0-301F-11D3-BF4B-00C04F79EFBC}") = "HomeForPets.Application.UnitTests", "tests\HomeForPets.Application.UnitTests\HomeForPets.Application.UnitTests.csproj", "{49D58828-6FCE-4EB7-A158-17466052C180}"
EndProject
Project("{FAE04EC0-301F-11D3-BF4B-00C04F79EFBC}") = "HomeForPets.Accounts.Infrastructure", "src\Accounts\HomeForPets.Accounts.Infrastructure\HomeForPets.Accounts.Infrastructure.csproj", "{F5344D10-C006-4579-A738-C30949F3F813}"
EndProject
Project("{FAE04EC0-301F-11D3-BF4B-00C04F79EFBC}") = "HomeForPets.Accounts.Domain", "src\Accounts\HomeForPets.Accounts.Domain\HomeForPets.Accounts.Domain.csproj", "{67EB5F21-EC99-41FB-AE22-36289F5110E5}"
EndProject
Project("{FAE04EC0-301F-11D3-BF4B-00C04F79EFBC}") = "HomeForPets.Accounts.Application", "src\Accounts\HomeForPets.Accounts.Application\HomeForPets.Accounts.Application.csproj", "{1D34D7D1-357F-41C7-B000-1E78F04307D0}"
EndProject
Project("{FAE04EC0-301F-11D3-BF4B-00C04F79EFBC}") = "HomeForPets.Accounts.Presentation", "src\Accounts\HomeForPets.Accounts.Presentation\HomeForPets.Accounts.Presentation.csproj", "{F864456A-2AA4-4B2C-8404-31F09F937855}"
EndProject
Project("{FAE04EC0-301F-11D3-BF4B-00C04F79EFBC}") = "HomeForPets.Core", "src\Shared\HomeForPets.Core\HomeForPets.Core.csproj", "{30CA0FE8-879C-48F2-9283-AEBD85FFCEA2}"
EndProject
Project("{FAE04EC0-301F-11D3-BF4B-00C04F79EFBC}") = "HomeForPets.Volunteers.Domain", "src\Volunteers\HomeForPets.Volunteers.Domain\HomeForPets.Volunteers.Domain.csproj", "{452328A9-7DA6-414C-8481-3EA4A65E71E2}"
EndProject
Project("{FAE04EC0-301F-11D3-BF4B-00C04F79EFBC}") = "HomeForPets.Volunteers.Application", "src\Volunteers\HomeForPets.Volunteers.Application\HomeForPets.Volunteers.Application.csproj", "{90012BA4-04A5-4D91-A2EA-63A33D2B47B5}"
EndProject
Project("{FAE04EC0-301F-11D3-BF4B-00C04F79EFBC}") = "HomeForPets.Volunteers.Controllers", "src\Volunteers\HomeForPets.Volunteers.Controllers\HomeForPets.Volunteers.Controllers.csproj", "{6238C13F-B7AA-4D72-8E77-AA1E0BB96FD7}"
EndProject
Project("{FAE04EC0-301F-11D3-BF4B-00C04F79EFBC}") = "HomeForPets.Volunteers.Infrastucture", "src\Volunteers\HomeForPets.Volunteers.Infrastucture\HomeForPets.Volunteers.Infrastucture.csproj", "{15A49D78-1A29-4109-98D0-4BA97A494841}"
EndProject
Project("{FAE04EC0-301F-11D3-BF4B-00C04F79EFBC}") = "HomeForPets.Species.Application", "src\Species\HomeForPets.Species.Application\HomeForPets.Species.Application.csproj", "{720A5C26-591D-445B-95E0-CB69858092CE}"
EndProject
Project("{FAE04EC0-301F-11D3-BF4B-00C04F79EFBC}") = "HomeForPets.Species.Domain", "src\Species\HomeForPets.Species.Domain\HomeForPets.Species.Domain.csproj", "{49BDB8E0-AC81-42D0-A248-F7EAC45614D5}"
EndProject
Project("{FAE04EC0-301F-11D3-BF4B-00C04F79EFBC}") = "HomeForPets.Species.Infrastructure", "src\Species\HomeForPets.Species.Infrastructure\HomeForPets.Species.Infrastructure.csproj", "{3E65A7FB-AAA7-4B5A-B74C-8EE806655E52}"
EndProject
Project("{FAE04EC0-301F-11D3-BF4B-00C04F79EFBC}") = "HomeForPets.Species.Controllers", "src\Species\HomeForPets.Species.Controllers\HomeForPets.Species.Controllers.csproj", "{3E1CAE08-B766-4BAD-A919-7ED0B7F093C7}"
EndProject
Project("{2150E333-8FDC-42A3-9474-1A3956D46DE8}") = "Accounts", "Accounts", "{673262F3-092A-490D-BFF0-36866A6B3C77}"
EndProject
Project("{FAE04EC0-301F-11D3-BF4B-00C04F79EFBC}") = "HomeForPets.Accounts.Contacts.Interfaces", "src\Accounts\HomeForPets.Accounts.Contacts.Interfaces\HomeForPets.Accounts.Contacts.Interfaces.csproj", "{16A58258-1DA1-4D24-8109-6BC791AFB48C}"
EndProject
Project("{2150E333-8FDC-42A3-9474-1A3956D46DE8}") = "Shared", "Shared", "{24C5E46A-1306-4034-811E-3F77F2FBCDF8}"
EndProject
Project("{2150E333-8FDC-42A3-9474-1A3956D46DE8}") = "Species", "Species", "{6896216D-3C42-4C7E-83D6-F44B05701FDC}"
EndProject
Project("{2150E333-8FDC-42A3-9474-1A3956D46DE8}") = "Volunteers", "Volunteers", "{E7245C1E-BAB5-4727-834F-0D94F91FF658}"
EndProject
Global
	GlobalSection(SolutionConfigurationPlatforms) = preSolution
		Debug|Any CPU = Debug|Any CPU
		Release|Any CPU = Release|Any CPU
	EndGlobalSection
	GlobalSection(SolutionProperties) = preSolution
		HideSolutionNode = FALSE
	EndGlobalSection
	GlobalSection(ProjectConfigurationPlatforms) = postSolution
		{911BA4A3-0C7F-4289-8EA8-88C0C18A2219}.Debug|Any CPU.ActiveCfg = Debug|Any CPU
		{911BA4A3-0C7F-4289-8EA8-88C0C18A2219}.Debug|Any CPU.Build.0 = Debug|Any CPU
		{911BA4A3-0C7F-4289-8EA8-88C0C18A2219}.Release|Any CPU.ActiveCfg = Release|Any CPU
		{911BA4A3-0C7F-4289-8EA8-88C0C18A2219}.Release|Any CPU.Build.0 = Release|Any CPU
		{326F7B2B-E7CF-43C6-B5BB-CC96B33C67B3}.Debug|Any CPU.ActiveCfg = Debug|Any CPU
		{326F7B2B-E7CF-43C6-B5BB-CC96B33C67B3}.Debug|Any CPU.Build.0 = Debug|Any CPU
		{326F7B2B-E7CF-43C6-B5BB-CC96B33C67B3}.Release|Any CPU.ActiveCfg = Release|Any CPU
		{326F7B2B-E7CF-43C6-B5BB-CC96B33C67B3}.Release|Any CPU.Build.0 = Release|Any CPU
		{A27B75D7-7196-4EC1-854F-F143331618B9}.Debug|Any CPU.ActiveCfg = Debug|Any CPU
		{A27B75D7-7196-4EC1-854F-F143331618B9}.Debug|Any CPU.Build.0 = Debug|Any CPU
		{A27B75D7-7196-4EC1-854F-F143331618B9}.Release|Any CPU.ActiveCfg = Release|Any CPU
		{A27B75D7-7196-4EC1-854F-F143331618B9}.Release|Any CPU.Build.0 = Release|Any CPU
		{9E606365-B083-44C4-9F61-44A50D9CA69D}.Debug|Any CPU.ActiveCfg = Debug|Any CPU
		{9E606365-B083-44C4-9F61-44A50D9CA69D}.Debug|Any CPU.Build.0 = Debug|Any CPU
		{9E606365-B083-44C4-9F61-44A50D9CA69D}.Release|Any CPU.ActiveCfg = Release|Any CPU
		{9E606365-B083-44C4-9F61-44A50D9CA69D}.Release|Any CPU.Build.0 = Release|Any CPU
		{3C8AF0B0-91CB-4E82-BC64-5B8CF31DFCF8}.Debug|Any CPU.ActiveCfg = Debug|Any CPU
		{3C8AF0B0-91CB-4E82-BC64-5B8CF31DFCF8}.Debug|Any CPU.Build.0 = Debug|Any CPU
		{3C8AF0B0-91CB-4E82-BC64-5B8CF31DFCF8}.Release|Any CPU.ActiveCfg = Release|Any CPU
		{3C8AF0B0-91CB-4E82-BC64-5B8CF31DFCF8}.Release|Any CPU.Build.0 = Release|Any CPU
		{49D58828-6FCE-4EB7-A158-17466052C180}.Debug|Any CPU.ActiveCfg = Debug|Any CPU
		{49D58828-6FCE-4EB7-A158-17466052C180}.Debug|Any CPU.Build.0 = Debug|Any CPU
		{49D58828-6FCE-4EB7-A158-17466052C180}.Release|Any CPU.ActiveCfg = Release|Any CPU
		{49D58828-6FCE-4EB7-A158-17466052C180}.Release|Any CPU.Build.0 = Release|Any CPU
		{F5344D10-C006-4579-A738-C30949F3F813}.Debug|Any CPU.ActiveCfg = Debug|Any CPU
		{F5344D10-C006-4579-A738-C30949F3F813}.Debug|Any CPU.Build.0 = Debug|Any CPU
		{F5344D10-C006-4579-A738-C30949F3F813}.Release|Any CPU.ActiveCfg = Release|Any CPU
		{F5344D10-C006-4579-A738-C30949F3F813}.Release|Any CPU.Build.0 = Release|Any CPU
		{67EB5F21-EC99-41FB-AE22-36289F5110E5}.Debug|Any CPU.ActiveCfg = Debug|Any CPU
		{67EB5F21-EC99-41FB-AE22-36289F5110E5}.Debug|Any CPU.Build.0 = Debug|Any CPU
		{67EB5F21-EC99-41FB-AE22-36289F5110E5}.Release|Any CPU.ActiveCfg = Release|Any CPU
		{67EB5F21-EC99-41FB-AE22-36289F5110E5}.Release|Any CPU.Build.0 = Release|Any CPU
		{1D34D7D1-357F-41C7-B000-1E78F04307D0}.Debug|Any CPU.ActiveCfg = Debug|Any CPU
		{1D34D7D1-357F-41C7-B000-1E78F04307D0}.Debug|Any CPU.Build.0 = Debug|Any CPU
		{1D34D7D1-357F-41C7-B000-1E78F04307D0}.Release|Any CPU.ActiveCfg = Release|Any CPU
		{1D34D7D1-357F-41C7-B000-1E78F04307D0}.Release|Any CPU.Build.0 = Release|Any CPU
		{F864456A-2AA4-4B2C-8404-31F09F937855}.Debug|Any CPU.ActiveCfg = Debug|Any CPU
		{F864456A-2AA4-4B2C-8404-31F09F937855}.Debug|Any CPU.Build.0 = Debug|Any CPU
		{F864456A-2AA4-4B2C-8404-31F09F937855}.Release|Any CPU.ActiveCfg = Release|Any CPU
		{F864456A-2AA4-4B2C-8404-31F09F937855}.Release|Any CPU.Build.0 = Release|Any CPU
		{30CA0FE8-879C-48F2-9283-AEBD85FFCEA2}.Debug|Any CPU.ActiveCfg = Debug|Any CPU
		{30CA0FE8-879C-48F2-9283-AEBD85FFCEA2}.Debug|Any CPU.Build.0 = Debug|Any CPU
		{30CA0FE8-879C-48F2-9283-AEBD85FFCEA2}.Release|Any CPU.ActiveCfg = Release|Any CPU
		{30CA0FE8-879C-48F2-9283-AEBD85FFCEA2}.Release|Any CPU.Build.0 = Release|Any CPU
		{452328A9-7DA6-414C-8481-3EA4A65E71E2}.Debug|Any CPU.ActiveCfg = Debug|Any CPU
		{452328A9-7DA6-414C-8481-3EA4A65E71E2}.Debug|Any CPU.Build.0 = Debug|Any CPU
		{452328A9-7DA6-414C-8481-3EA4A65E71E2}.Release|Any CPU.ActiveCfg = Release|Any CPU
		{452328A9-7DA6-414C-8481-3EA4A65E71E2}.Release|Any CPU.Build.0 = Release|Any CPU
		{90012BA4-04A5-4D91-A2EA-63A33D2B47B5}.Debug|Any CPU.ActiveCfg = Debug|Any CPU
		{90012BA4-04A5-4D91-A2EA-63A33D2B47B5}.Debug|Any CPU.Build.0 = Debug|Any CPU
		{90012BA4-04A5-4D91-A2EA-63A33D2B47B5}.Release|Any CPU.ActiveCfg = Release|Any CPU
		{90012BA4-04A5-4D91-A2EA-63A33D2B47B5}.Release|Any CPU.Build.0 = Release|Any CPU
		{6238C13F-B7AA-4D72-8E77-AA1E0BB96FD7}.Debug|Any CPU.ActiveCfg = Debug|Any CPU
		{6238C13F-B7AA-4D72-8E77-AA1E0BB96FD7}.Debug|Any CPU.Build.0 = Debug|Any CPU
		{6238C13F-B7AA-4D72-8E77-AA1E0BB96FD7}.Release|Any CPU.ActiveCfg = Release|Any CPU
		{6238C13F-B7AA-4D72-8E77-AA1E0BB96FD7}.Release|Any CPU.Build.0 = Release|Any CPU
		{15A49D78-1A29-4109-98D0-4BA97A494841}.Debug|Any CPU.ActiveCfg = Debug|Any CPU
		{15A49D78-1A29-4109-98D0-4BA97A494841}.Debug|Any CPU.Build.0 = Debug|Any CPU
		{15A49D78-1A29-4109-98D0-4BA97A494841}.Release|Any CPU.ActiveCfg = Release|Any CPU
		{15A49D78-1A29-4109-98D0-4BA97A494841}.Release|Any CPU.Build.0 = Release|Any CPU
		{720A5C26-591D-445B-95E0-CB69858092CE}.Debug|Any CPU.ActiveCfg = Debug|Any CPU
		{720A5C26-591D-445B-95E0-CB69858092CE}.Debug|Any CPU.Build.0 = Debug|Any CPU
		{720A5C26-591D-445B-95E0-CB69858092CE}.Release|Any CPU.ActiveCfg = Release|Any CPU
		{720A5C26-591D-445B-95E0-CB69858092CE}.Release|Any CPU.Build.0 = Release|Any CPU
		{49BDB8E0-AC81-42D0-A248-F7EAC45614D5}.Debug|Any CPU.ActiveCfg = Debug|Any CPU
		{49BDB8E0-AC81-42D0-A248-F7EAC45614D5}.Debug|Any CPU.Build.0 = Debug|Any CPU
		{49BDB8E0-AC81-42D0-A248-F7EAC45614D5}.Release|Any CPU.ActiveCfg = Release|Any CPU
		{49BDB8E0-AC81-42D0-A248-F7EAC45614D5}.Release|Any CPU.Build.0 = Release|Any CPU
		{3E65A7FB-AAA7-4B5A-B74C-8EE806655E52}.Debug|Any CPU.ActiveCfg = Debug|Any CPU
		{3E65A7FB-AAA7-4B5A-B74C-8EE806655E52}.Debug|Any CPU.Build.0 = Debug|Any CPU
		{3E65A7FB-AAA7-4B5A-B74C-8EE806655E52}.Release|Any CPU.ActiveCfg = Release|Any CPU
		{3E65A7FB-AAA7-4B5A-B74C-8EE806655E52}.Release|Any CPU.Build.0 = Release|Any CPU
		{3E1CAE08-B766-4BAD-A919-7ED0B7F093C7}.Debug|Any CPU.ActiveCfg = Debug|Any CPU
		{3E1CAE08-B766-4BAD-A919-7ED0B7F093C7}.Debug|Any CPU.Build.0 = Debug|Any CPU
		{3E1CAE08-B766-4BAD-A919-7ED0B7F093C7}.Release|Any CPU.ActiveCfg = Release|Any CPU
		{3E1CAE08-B766-4BAD-A919-7ED0B7F093C7}.Release|Any CPU.Build.0 = Release|Any CPU
		{16A58258-1DA1-4D24-8109-6BC791AFB48C}.Debug|Any CPU.ActiveCfg = Debug|Any CPU
		{16A58258-1DA1-4D24-8109-6BC791AFB48C}.Debug|Any CPU.Build.0 = Debug|Any CPU
		{16A58258-1DA1-4D24-8109-6BC791AFB48C}.Release|Any CPU.ActiveCfg = Release|Any CPU
		{16A58258-1DA1-4D24-8109-6BC791AFB48C}.Release|Any CPU.Build.0 = Release|Any CPU
	EndGlobalSection
	GlobalSection(NestedProjects) = preSolution
		{911BA4A3-0C7F-4289-8EA8-88C0C18A2219} = {64F6686C-8B15-448B-8663-0FA8D81D199D}
		{326F7B2B-E7CF-43C6-B5BB-CC96B33C67B3} = {64F6686C-8B15-448B-8663-0FA8D81D199D}
		{9E606365-B083-44C4-9F61-44A50D9CA69D} = {64F6686C-8B15-448B-8663-0FA8D81D199D}
		{A27B75D7-7196-4EC1-854F-F143331618B9} = {64F6686C-8B15-448B-8663-0FA8D81D199D}
		{3C8AF0B0-91CB-4E82-BC64-5B8CF31DFCF8} = {10C393BD-B371-481F-BCDB-6B94186A9743}
		{49D58828-6FCE-4EB7-A158-17466052C180} = {10C393BD-B371-481F-BCDB-6B94186A9743}
		{673262F3-092A-490D-BFF0-36866A6B3C77} = {64F6686C-8B15-448B-8663-0FA8D81D199D}
		{1D34D7D1-357F-41C7-B000-1E78F04307D0} = {673262F3-092A-490D-BFF0-36866A6B3C77}
		{F864456A-2AA4-4B2C-8404-31F09F937855} = {673262F3-092A-490D-BFF0-36866A6B3C77}
		{67EB5F21-EC99-41FB-AE22-36289F5110E5} = {673262F3-092A-490D-BFF0-36866A6B3C77}
		{F5344D10-C006-4579-A738-C30949F3F813} = {673262F3-092A-490D-BFF0-36866A6B3C77}
		{16A58258-1DA1-4D24-8109-6BC791AFB48C} = {673262F3-092A-490D-BFF0-36866A6B3C77}
		{24C5E46A-1306-4034-811E-3F77F2FBCDF8} = {64F6686C-8B15-448B-8663-0FA8D81D199D}
		{30CA0FE8-879C-48F2-9283-AEBD85FFCEA2} = {24C5E46A-1306-4034-811E-3F77F2FBCDF8}
		{6896216D-3C42-4C7E-83D6-F44B05701FDC} = {64F6686C-8B15-448B-8663-0FA8D81D199D}
		{E7245C1E-BAB5-4727-834F-0D94F91FF658} = {64F6686C-8B15-448B-8663-0FA8D81D199D}
		{720A5C26-591D-445B-95E0-CB69858092CE} = {6896216D-3C42-4C7E-83D6-F44B05701FDC}
		{3E1CAE08-B766-4BAD-A919-7ED0B7F093C7} = {6896216D-3C42-4C7E-83D6-F44B05701FDC}
		{49BDB8E0-AC81-42D0-A248-F7EAC45614D5} = {6896216D-3C42-4C7E-83D6-F44B05701FDC}
		{3E65A7FB-AAA7-4B5A-B74C-8EE806655E52} = {6896216D-3C42-4C7E-83D6-F44B05701FDC}
		{90012BA4-04A5-4D91-A2EA-63A33D2B47B5} = {E7245C1E-BAB5-4727-834F-0D94F91FF658}
		{6238C13F-B7AA-4D72-8E77-AA1E0BB96FD7} = {E7245C1E-BAB5-4727-834F-0D94F91FF658}
		{452328A9-7DA6-414C-8481-3EA4A65E71E2} = {E7245C1E-BAB5-4727-834F-0D94F91FF658}
		{15A49D78-1A29-4109-98D0-4BA97A494841} = {E7245C1E-BAB5-4727-834F-0D94F91FF658}
	EndGlobalSection
EndGlobal
