
Microsoft Visual Studio Solution File, Format Version 12.00
# Visual Studio Version 17
VisualStudioVersion = 17.0.31903.59
MinimumVisualStudioVersion = 10.0.40219.1
Project("{FAE04EC0-301F-11D3-BF4B-00C04F79EFBC}") = "HomeForPets.Api", "src\HomeForPets.Api\HomeForPets.Api.csproj", "{911BA4A3-0C7F-4289-8EA8-88C0C18A2219}"
EndProject
Project("{FAE04EC0-301F-11D3-BF4B-00C04F79EFBC}") = "HomeForPets.Application", "src\HomeForPets.Application\HomeForPets.Application.csproj", "{326F7B2B-E7CF-43C6-B5BB-CC96B33C67B3}"
EndProject
Project("{FAE04EC0-301F-11D3-BF4B-00C04F79EFBC}") = "HomeForPets.Infrastructure", "src\HomeForPets.Infrastructure\HomeForPets.Infrastructure.csproj", "{A27B75D7-7196-4EC1-854F-F143331618B9}"
EndProject
Project("{FAE04EC0-301F-11D3-BF4B-00C04F79EFBC}") = "HomeForPets.Domain", "src\HomeForPets.Domain\HomeForPets.Domain.csproj", "{9E606365-B083-44C4-9F61-44A50D9CA69D}"
EndProject
Project("{2150E333-8FDC-42A3-9474-1A3956D46DE8}") = "Solution Items", "Solution Items", "{D0020B84-FB77-4ECD-A55D-343491435B55}"
	ProjectSection(SolutionItems) = preProject
		docker-compose.yml = docker-compose.yml
	EndProjectSection
EndProject
Project("{2150E333-8FDC-42A3-9474-1A3956D46DE8}") = "src", "src", "{64F6686C-8B15-448B-8663-0FA8D81D199D}"
EndProject
Project("{2150E333-8FDC-42A3-9474-1A3956D46DE8}") = "tests", "tests", "{10C393BD-B371-481F-BCDB-6B94186A9743}"
EndProject
Project("{FAE04EC0-301F-11D3-BF4B-00C04F79EFBC}") = "HomeForPets.Domain.UnitTests", "test\HomeForPets.Domain.UnitTests\HomeForPets.Domain.UnitTests.csproj", "{3C8AF0B0-91CB-4E82-BC64-5B8CF31DFCF8}"
EndProject
Project("{FAE04EC0-301F-11D3-BF4B-00C04F79EFBC}") = "HomeForPets.Application.UnitTests", "tests\HomeForPets.Application.UnitTests\HomeForPets.Application.UnitTests.csproj", "{49D58828-6FCE-4EB7-A158-17466052C180}"
EndProject
Global
	GlobalSection(SolutionConfigurationPlatforms) = preSolution
		Debug|Any CPU = Debug|Any CPU
		Release|Any CPU = Release|Any CPU
	EndGlobalSection
	GlobalSection(SolutionProperties) = preSolution
		HideSolutionNode = FALSE
	EndGlobalSection
	GlobalSection(ProjectConfigurationPlatforms) = postSolution
		{911BA4A3-0C7F-4289-8EA8-88C0C18A2219}.Debug|Any CPU.ActiveCfg = Debug|Any CPU
		{911BA4A3-0C7F-4289-8EA8-88C0C18A2219}.Debug|Any CPU.Build.0 = Debug|Any CPU
		{911BA4A3-0C7F-4289-8EA8-88C0C18A2219}.Release|Any CPU.ActiveCfg = Release|Any CPU
		{911BA4A3-0C7F-4289-8EA8-88C0C18A2219}.Release|Any CPU.Build.0 = Release|Any CPU
		{326F7B2B-E7CF-43C6-B5BB-CC96B33C67B3}.Debug|Any CPU.ActiveCfg = Debug|Any CPU
		{326F7B2B-E7CF-43C6-B5BB-CC96B33C67B3}.Debug|Any CPU.Build.0 = Debug|Any CPU
		{326F7B2B-E7CF-43C6-B5BB-CC96B33C67B3}.Release|Any CPU.ActiveCfg = Release|Any CPU
		{326F7B2B-E7CF-43C6-B5BB-CC96B33C67B3}.Release|Any CPU.Build.0 = Release|Any CPU
		{A27B75D7-7196-4EC1-854F-F143331618B9}.Debug|Any CPU.ActiveCfg = Debug|Any CPU
		{A27B75D7-7196-4EC1-854F-F143331618B9}.Debug|Any CPU.Build.0 = Debug|Any CPU
		{A27B75D7-7196-4EC1-854F-F143331618B9}.Release|Any CPU.ActiveCfg = Release|Any CPU
		{A27B75D7-7196-4EC1-854F-F143331618B9}.Release|Any CPU.Build.0 = Release|Any CPU
		{9E606365-B083-44C4-9F61-44A50D9CA69D}.Debug|Any CPU.ActiveCfg = Debug|Any CPU
		{9E606365-B083-44C4-9F61-44A50D9CA69D}.Debug|Any CPU.Build.0 = Debug|Any CPU
		{9E606365-B083-44C4-9F61-44A50D9CA69D}.Release|Any CPU.ActiveCfg = Release|Any CPU
		{9E606365-B083-44C4-9F61-44A50D9CA69D}.Release|Any CPU.Build.0 = Release|Any CPU
		{3C8AF0B0-91CB-4E82-BC64-5B8CF31DFCF8}.Debug|Any CPU.ActiveCfg = Debug|Any CPU
		{3C8AF0B0-91CB-4E82-BC64-5B8CF31DFCF8}.Debug|Any CPU.Build.0 = Debug|Any CPU
		{3C8AF0B0-91CB-4E82-BC64-5B8CF31DFCF8}.Release|Any CPU.ActiveCfg = Release|Any CPU
		{3C8AF0B0-91CB-4E82-BC64-5B8CF31DFCF8}.Release|Any CPU.Build.0 = Release|Any CPU
		{49D58828-6FCE-4EB7-A158-17466052C180}.Debug|Any CPU.ActiveCfg = Debug|Any CPU
		{49D58828-6FCE-4EB7-A158-17466052C180}.Debug|Any CPU.Build.0 = Debug|Any CPU
		{49D58828-6FCE-4EB7-A158-17466052C180}.Release|Any CPU.ActiveCfg = Release|Any CPU
		{49D58828-6FCE-4EB7-A158-17466052C180}.Release|Any CPU.Build.0 = Release|Any CPU
	EndGlobalSection
	GlobalSection(NestedProjects) = preSolution
		{911BA4A3-0C7F-4289-8EA8-88C0C18A2219} = {64F6686C-8B15-448B-8663-0FA8D81D199D}
		{326F7B2B-E7CF-43C6-B5BB-CC96B33C67B3} = {64F6686C-8B15-448B-8663-0FA8D81D199D}
		{9E606365-B083-44C4-9F61-44A50D9CA69D} = {64F6686C-8B15-448B-8663-0FA8D81D199D}
		{A27B75D7-7196-4EC1-854F-F143331618B9} = {64F6686C-8B15-448B-8663-0FA8D81D199D}
		{3C8AF0B0-91CB-4E82-BC64-5B8CF31DFCF8} = {10C393BD-B371-481F-BCDB-6B94186A9743}
		{49D58828-6FCE-4EB7-A158-17466052C180} = {10C393BD-B371-481F-BCDB-6B94186A9743}
	EndGlobalSection
EndGlobal
